
Microsoft Visual Studio Solution File, Format Version 12.00
# Visual Studio 15
VisualStudioVersion = 15.0.28307.421
MinimumVisualStudioVersion = 10.0.40219.1
Project("{FAE04EC0-301F-11D3-BF4B-00C04F79EFBC}") = "ProjectMy1Test", "ProjectMy1Test\ProjectMy1Test.csproj", "{9E6A57AE-C585-4CA8-9690-8EB624EC2447}"
EndProject
Global
	GlobalSection(SolutionConfigurationPlatforms) = preSolution
		Debug|Any CPU = Debug|Any CPU
		Release|Any CPU = Release|Any CPU
	EndGlobalSection
	GlobalSection(ProjectConfigurationPlatforms) = postSolution
		{9E6A57AE-C585-4CA8-9690-8EB624EC2447}.Debug|Any CPU.ActiveCfg = Debug|Any CPU
		{9E6A57AE-C585-4CA8-9690-8EB624EC2447}.Debug|Any CPU.Build.0 = Debug|Any CPU
		{9E6A57AE-C585-4CA8-9690-8EB624EC2447}.Release|Any CPU.ActiveCfg = Release|Any CPU
		{9E6A57AE-C585-4CA8-9690-8EB624EC2447}.Release|Any CPU.Build.0 = Release|Any CPU
	EndGlobalSection
	GlobalSection(SolutionProperties) = preSolution
		HideSolutionNode = FALSE
	EndGlobalSection
	GlobalSection(ExtensibilityGlobals) = postSolution
		SolutionGuid = {DB7EE180-3C14-4307-8FFD-0B7D10FD1C55}
	EndGlobalSection
EndGlobal
